// !$*UTF8*$!
{
	archiveVersion = 1;
	classes = {
	};
	objectVersion = 77;
	objects = {

/* Begin PBXContainerItemProxy section */
		EA5D0FB52CFCD22500F8B01A /* PBXContainerItemProxy */ = {
			isa = PBXContainerItemProxy;
			containerPortal = EA5D0F962CFCD22500F8B01A /* Project object */;
			proxyType = 1;
			remoteGlobalIDString = EA5D0F9D2CFCD22500F8B01A;
			remoteInfo = LandmarkBookApp;
		};
		EA5D0FBF2CFCD22600F8B01A /* PBXContainerItemProxy */ = {
			isa = PBXContainerItemProxy;
			containerPortal = EA5D0F962CFCD22500F8B01A /* Project object */;
			proxyType = 1;
			remoteGlobalIDString = EA5D0F9D2CFCD22500F8B01A;
			remoteInfo = LandmarkBookApp;
		};
/* End PBXContainerItemProxy section */

/* Begin PBXFileReference section */
		EA5D0F9E2CFCD22500F8B01A /* LandmarkBookApp.app */ = {isa = PBXFileReference; explicitFileType = wrapper.application; includeInIndex = 0; path = LandmarkBookApp.app; sourceTree = BUILT_PRODUCTS_DIR; };
		EA5D0FB42CFCD22500F8B01A /* LandmarkBookAppTests.xctest */ = {isa = PBXFileReference; explicitFileType = wrapper.cfbundle; includeInIndex = 0; path = LandmarkBookAppTests.xctest; sourceTree = BUILT_PRODUCTS_DIR; };
		EA5D0FBE2CFCD22600F8B01A /* LandmarkBookAppUITests.xctest */ = {isa = PBXFileReference; explicitFileType = wrapper.cfbundle; includeInIndex = 0; path = LandmarkBookAppUITests.xctest; sourceTree = BUILT_PRODUCTS_DIR; };
/* End PBXFileReference section */

/* Begin PBXFileSystemSynchronizedBuildFileExceptionSet section */
		EA5D0FC62CFCD22600F8B01A /* Exceptions for "LandmarkBookApp" folder in "LandmarkBookApp" target */ = {
			isa = PBXFileSystemSynchronizedBuildFileExceptionSet;
			membershipExceptions = (
				Info.plist,
			);
			target = EA5D0F9D2CFCD22500F8B01A /* LandmarkBookApp */;
		};
/* End PBXFileSystemSynchronizedBuildFileExceptionSet section */

/* Begin PBXFileSystemSynchronizedRootGroup section */
		EA5D0FA02CFCD22500F8B01A /* LandmarkBookApp */ = {
			isa = PBXFileSystemSynchronizedRootGroup;
			exceptions = (
				EA5D0FC62CFCD22600F8B01A /* Exceptions for "LandmarkBookApp" folder in "LandmarkBookApp" target */,
			);
			path = LandmarkBookApp;
			sourceTree = "<group>";
		};
		EA5D0FB72CFCD22500F8B01A /* LandmarkBookAppTests */ = {
			isa = PBXFileSystemSynchronizedRootGroup;
			path = LandmarkBookAppTests;
			sourceTree = "<group>";
		};
		EA5D0FC12CFCD22600F8B01A /* LandmarkBookAppUITests */ = {
			isa = PBXFileSystemSynchronizedRootGroup;
			path = LandmarkBookAppUITests;
			sourceTree = "<group>";
		};
/* End PBXFileSystemSynchronizedRootGroup section */

/* Begin PBXFrameworksBuildPhase section */
		EA5D0F9B2CFCD22500F8B01A /* Frameworks */ = {
			isa = PBXFrameworksBuildPhase;
			buildActionMask = 2147483647;
			files = (
			);
			runOnlyForDeploymentPostprocessing = 0;
		};
		EA5D0FB12CFCD22500F8B01A /* Frameworks */ = {
			isa = PBXFrameworksBuildPhase;
			buildActionMask = 2147483647;
			files = (
			);
			runOnlyForDeploymentPostprocessing = 0;
		};
		EA5D0FBB2CFCD22600F8B01A /* Frameworks */ = {
			isa = PBXFrameworksBuildPhase;
			buildActionMask = 2147483647;
			files = (
			);
			runOnlyForDeploymentPostprocessing = 0;
		};
/* End PBXFrameworksBuildPhase section */

/* Begin PBXGroup section */
		EA5D0F952CFCD22500F8B01A = {
			isa = PBXGroup;
			children = (
				EA5D0FA02CFCD22500F8B01A /* LandmarkBookApp */,
				EA5D0FB72CFCD22500F8B01A /* LandmarkBookAppTests */,
				EA5D0FC12CFCD22600F8B01A /* LandmarkBookAppUITests */,
				EA5D0F9F2CFCD22500F8B01A /* Products */,
			);
			sourceTree = "<group>";
		};
		EA5D0F9F2CFCD22500F8B01A /* Products */ = {
			isa = PBXGroup;
			children = (
				EA5D0F9E2CFCD22500F8B01A /* LandmarkBookApp.app */,
				EA5D0FB42CFCD22500F8B01A /* LandmarkBookAppTests.xctest */,
				EA5D0FBE2CFCD22600F8B01A /* LandmarkBookAppUITests.xctest */,
			);
			name = Products;
			sourceTree = "<group>";
		};
/* End PBXGroup section */

/* Begin PBXNativeTarget section */
		EA5D0F9D2CFCD22500F8B01A /* LandmarkBookApp */ = {
			isa = PBXNativeTarget;
			buildConfigurationList = EA5D0FC72CFCD22600F8B01A /* Build configuration list for PBXNativeTarget "LandmarkBookApp" */;
			buildPhases = (
				EA5D0F9A2CFCD22500F8B01A /* Sources */,
				EA5D0F9B2CFCD22500F8B01A /* Frameworks */,
				EA5D0F9C2CFCD22500F8B01A /* Resources */,
			);
			buildRules = (
			);
			dependencies = (
			);
			fileSystemSynchronizedGroups = (
				EA5D0FA02CFCD22500F8B01A /* LandmarkBookApp */,
			);
			name = LandmarkBookApp;
			packageProductDependencies = (
			);
			productName = LandmarkBookApp;
			productReference = EA5D0F9E2CFCD22500F8B01A /* LandmarkBookApp.app */;
			productType = "com.apple.product-type.application";
		};
		EA5D0FB32CFCD22500F8B01A /* LandmarkBookAppTests */ = {
			isa = PBXNativeTarget;
			buildConfigurationList = EA5D0FCC2CFCD22600F8B01A /* Build configuration list for PBXNativeTarget "LandmarkBookAppTests" */;
			buildPhases = (
				EA5D0FB02CFCD22500F8B01A /* Sources */,
				EA5D0FB12CFCD22500F8B01A /* Frameworks */,
				EA5D0FB22CFCD22500F8B01A /* Resources */,
			);
			buildRules = (
			);
			dependencies = (
				EA5D0FB62CFCD22500F8B01A /* PBXTargetDependency */,
			);
			fileSystemSynchronizedGroups = (
				EA5D0FB72CFCD22500F8B01A /* LandmarkBookAppTests */,
			);
			name = LandmarkBookAppTests;
			packageProductDependencies = (
			);
			productName = LandmarkBookAppTests;
			productReference = EA5D0FB42CFCD22500F8B01A /* LandmarkBookAppTests.xctest */;
			productType = "com.apple.product-type.bundle.unit-test";
		};
		EA5D0FBD2CFCD22600F8B01A /* LandmarkBookAppUITests */ = {
			isa = PBXNativeTarget;
			buildConfigurationList = EA5D0FCF2CFCD22600F8B01A /* Build configuration list for PBXNativeTarget "LandmarkBookAppUITests" */;
			buildPhases = (
				EA5D0FBA2CFCD22600F8B01A /* Sources */,
				EA5D0FBB2CFCD22600F8B01A /* Frameworks */,
				EA5D0FBC2CFCD22600F8B01A /* Resources */,
			);
			buildRules = (
			);
			dependencies = (
				EA5D0FC02CFCD22600F8B01A /* PBXTargetDependency */,
			);
			fileSystemSynchronizedGroups = (
				EA5D0FC12CFCD22600F8B01A /* LandmarkBookAppUITests */,
			);
			name = LandmarkBookAppUITests;
			packageProductDependencies = (
			);
			productName = LandmarkBookAppUITests;
			productReference = EA5D0FBE2CFCD22600F8B01A /* LandmarkBookAppUITests.xctest */;
			productType = "com.apple.product-type.bundle.ui-testing";
		};
/* End PBXNativeTarget section */

/* Begin PBXProject section */
		EA5D0F962CFCD22500F8B01A /* Project object */ = {
			isa = PBXProject;
			attributes = {
				BuildIndependentTargetsInParallel = 1;
				LastSwiftUpdateCheck = 1610;
				LastUpgradeCheck = 1610;
				TargetAttributes = {
					EA5D0F9D2CFCD22500F8B01A = {
						CreatedOnToolsVersion = 16.1;
					};
					EA5D0FB32CFCD22500F8B01A = {
						CreatedOnToolsVersion = 16.1;
						TestTargetID = EA5D0F9D2CFCD22500F8B01A;
					};
					EA5D0FBD2CFCD22600F8B01A = {
						CreatedOnToolsVersion = 16.1;
						TestTargetID = EA5D0F9D2CFCD22500F8B01A;
					};
				};
			};
			buildConfigurationList = EA5D0F992CFCD22500F8B01A /* Build configuration list for PBXProject "LandmarkBookApp" */;
			developmentRegion = en;
			hasScannedForEncodings = 0;
			knownRegions = (
				en,
				Base,
			);
			mainGroup = EA5D0F952CFCD22500F8B01A;
			minimizedProjectReferenceProxies = 1;
			preferredProjectObjectVersion = 77;
			productRefGroup = EA5D0F9F2CFCD22500F8B01A /* Products */;
			projectDirPath = "";
			projectRoot = "";
			targets = (
				EA5D0F9D2CFCD22500F8B01A /* LandmarkBookApp */,
				EA5D0FB32CFCD22500F8B01A /* LandmarkBookAppTests */,
				EA5D0FBD2CFCD22600F8B01A /* LandmarkBookAppUITests */,
			);
		};
/* End PBXProject section */

/* Begin PBXResourcesBuildPhase section */
		EA5D0F9C2CFCD22500F8B01A /* Resources */ = {
			isa = PBXResourcesBuildPhase;
			buildActionMask = 2147483647;
			files = (
			);
			runOnlyForDeploymentPostprocessing = 0;
		};
		EA5D0FB22CFCD22500F8B01A /* Resources */ = {
			isa = PBXResourcesBuildPhase;
			buildActionMask = 2147483647;
			files = (
			);
			runOnlyForDeploymentPostprocessing = 0;
		};
		EA5D0FBC2CFCD22600F8B01A /* Resources */ = {
			isa = PBXResourcesBuildPhase;
			buildActionMask = 2147483647;
			files = (
			);
			runOnlyForDeploymentPostprocessing = 0;
		};
/* End PBXResourcesBuildPhase section */

/* Begin PBXSourcesBuildPhase section */
		EA5D0F9A2CFCD22500F8B01A /* Sources */ = {
			isa = PBXSourcesBuildPhase;
			buildActionMask = 2147483647;
			files = (
			);
			runOnlyForDeploymentPostprocessing = 0;
		};
		EA5D0FB02CFCD22500F8B01A /* Sources */ = {
			isa = PBXSourcesBuildPhase;
			buildActionMask = 2147483647;
			files = (
			);
			runOnlyForDeploymentPostprocessing = 0;
		};
		EA5D0FBA2CFCD22600F8B01A /* Sources */ = {
			isa = PBXSourcesBuildPhase;
			buildActionMask = 2147483647;
			files = (
			);
			runOnlyForDeploymentPostprocessing = 0;
		};
/* End PBXSourcesBuildPhase section */

/* Begin PBXTargetDependency section */
		EA5D0FB62CFCD22500F8B01A /* PBXTargetDependency */ = {
			isa = PBXTargetDependency;
			target = EA5D0F9D2CFCD22500F8B01A /* LandmarkBookApp */;
			targetProxy = EA5D0FB52CFCD22500F8B01A /* PBXContainerItemProxy */;
		};
		EA5D0FC02CFCD22600F8B01A /* PBXTargetDependency */ = {
			isa = PBXTargetDependency;
			target = EA5D0F9D2CFCD22500F8B01A /* LandmarkBookApp */;
			targetProxy = EA5D0FBF2CFCD22600F8B01A /* PBXContainerItemProxy */;
		};
/* End PBXTargetDependency section */

/* Begin XCBuildConfiguration section */
		EA5D0FC82CFCD22600F8B01A /* Debug */ = {
			isa = XCBuildConfiguration;
			buildSettings = {
				ASSETCATALOG_COMPILER_APPICON_NAME = AppIcon;
				ASSETCATALOG_COMPILER_GLOBAL_ACCENT_COLOR_NAME = AccentColor;
				CODE_SIGN_STYLE = Automatic;
				CURRENT_PROJECT_VERSION = 1;
				GENERATE_INFOPLIST_FILE = YES;
				INFOPLIST_FILE = LandmarkBookApp/Info.plist;
				INFOPLIST_KEY_UIApplicationSupportsIndirectInputEvents = YES;
				INFOPLIST_KEY_UILaunchStoryboardName = LaunchScreen;
				INFOPLIST_KEY_UIMainStoryboardFile = Main;
				INFOPLIST_KEY_UISupportedInterfaceOrientations_iPad = "UIInterfaceOrientationPortrait UIInterfaceOrientationPortraitUpsideDown UIInterfaceOrientationLandscapeLeft UIInterfaceOrientationLandscapeRight";
				INFOPLIST_KEY_UISupportedInterfaceOrientations_iPhone = "UIInterfaceOrientationPortrait UIInterfaceOrientationLandscapeLeft UIInterfaceOrientationLandscapeRight";
				LD_RUNPATH_SEARCH_PATHS = (
					"$(inherited)",
					"@executable_path/Frameworks",
				);
				MARKETING_VERSION = 1.0;
				PRODUCT_BUNDLE_IDENTIFIER = medyahan.LandmarkBookApp;
				PRODUCT_NAME = "$(TARGET_NAME)";
				SWIFT_EMIT_LOC_STRINGS = YES;
				SWIFT_VERSION = 5.0;
				TARGETED_DEVICE_FAMILY = "1,2";
			};
			name = Debug;
		};
		EA5D0FC92CFCD22600F8B01A /* Release */ = {
			isa = XCBuildConfiguration;
			buildSettings = {
				ASSETCATALOG_COMPILER_APPICON_NAME = AppIcon;
				ASSETCATALOG_COMPILER_GLOBAL_ACCENT_COLOR_NAME = AccentColor;
				CODE_SIGN_STYLE = Automatic;
				CURRENT_PROJECT_VERSION = 1;
				GENERATE_INFOPLIST_FILE = YES;
				INFOPLIST_FILE = LandmarkBookApp/Info.plist;
				INFOPLIST_KEY_UIApplicationSupportsIndirectInputEvents = YES;
				INFOPLIST_KEY_UILaunchStoryboardName = LaunchScreen;
				INFOPLIST_KEY_UIMainStoryboardFile = Main;
				INFOPLIST_KEY_UISupportedInterfaceOrientations_iPad = "UIInterfaceOrientationPortrait UIInterfaceOrientationPortraitUpsideDown UIInterfaceOrientationLandscapeLeft UIInterfaceOrientationLandscapeRight";
				INFOPLIST_KEY_UISupportedInterfaceOrientations_iPhone = "UIInterfaceOrientationPortrait UIInterfaceOrientationLandscapeLeft UIInterfaceOrientationLandscapeRight";
				LD_RUNPATH_SEARCH_PATHS = (
					"$(inherited)",
					"@executable_path/Frameworks",
				);
				MARKETING_VERSION = 1.0;
				PRODUCT_BUNDLE_IDENTIFIER = medyahan.LandmarkBookApp;
				PRODUCT_NAME = "$(TARGET_NAME)";
				SWIFT_EMIT_LOC_STRINGS = YES;
				SWIFT_VERSION = 5.0;
				TARGETED_DEVICE_FAMILY = "1,2";
			};
			name = Release;
		};
		EA5D0FCA2CFCD22600F8B01A /* Debug */ = {
			isa = XCBuildConfiguration;
			buildSettings = {
				ALWAYS_SEARCH_USER_PATHS = NO;
				ASSETCATALOG_COMPILER_GENERATE_SWIFT_ASSET_SYMBOL_EXTENSIONS = YES;
				CLANG_ANALYZER_NONNULL = YES;
				CLANG_ANALYZER_NUMBER_OBJECT_CONVERSION = YES_AGGRESSIVE;
				CLANG_CXX_LANGUAGE_STANDARD = "gnu++20";
				CLANG_ENABLE_MODULES = YES;
				CLANG_ENABLE_OBJC_ARC = YES;
				CLANG_ENABLE_OBJC_WEAK = YES;
				CLANG_WARN_BLOCK_CAPTURE_AUTORELEASING = YES;
				CLANG_WARN_BOOL_CONVERSION = YES;
				CLANG_WARN_COMMA = YES;
				CLANG_WARN_CONSTANT_CONVERSION = YES;
				CLANG_WARN_DEPRECATED_OBJC_IMPLEMENTATIONS = YES;
				CLANG_WARN_DIRECT_OBJC_ISA_USAGE = YES_ERROR;
				CLANG_WARN_DOCUMENTATION_COMMENTS = YES;
				CLANG_WARN_EMPTY_BODY = YES;
				CLANG_WARN_ENUM_CONVERSION = YES;
				CLANG_WARN_INFINITE_RECURSION = YES;
				CLANG_WARN_INT_CONVERSION = YES;
				CLANG_WARN_NON_LITERAL_NULL_CONVERSION = YES;
				CLANG_WARN_OBJC_IMPLICIT_RETAIN_SELF = YES;
				CLANG_WARN_OBJC_LITERAL_CONVERSION = YES;
				CLANG_WARN_OBJC_ROOT_CLASS = YES_ERROR;
				CLANG_WARN_QUOTED_INCLUDE_IN_FRAMEWORK_HEADER = YES;
				CLANG_WARN_RANGE_LOOP_ANALYSIS = YES;
				CLANG_WARN_STRICT_PROTOTYPES = YES;
				CLANG_WARN_SUSPICIOUS_MOVE = YES;
				CLANG_WARN_UNGUARDED_AVAILABILITY = YES_AGGRESSIVE;
				CLANG_WARN_UNREACHABLE_CODE = YES;
				CLANG_WARN__DUPLICATE_METHOD_MATCH = YES;
				COPY_PHASE_STRIP = NO;
				DEBUG_INFORMATION_FORMAT = dwarf;
				ENABLE_STRICT_OBJC_MSGSEND = YES;
				ENABLE_TESTABILITY = YES;
				ENABLE_USER_SCRIPT_SANDBOXING = YES;
				GCC_C_LANGUAGE_STANDARD = gnu17;
				GCC_DYNAMIC_NO_PIC = NO;
				GCC_NO_COMMON_BLOCKS = YES;
				GCC_OPTIMIZATION_LEVEL = 0;
				GCC_PREPROCESSOR_DEFINITIONS = (
					"DEBUG=1",
					"$(inherited)",
				);
				GCC_WARN_64_TO_32_BIT_CONVERSION = YES;
				GCC_WARN_ABOUT_RETURN_TYPE = YES_ERROR;
				GCC_WARN_UNDECLARED_SELECTOR = YES;
				GCC_WARN_UNINITIALIZED_AUTOS = YES_AGGRESSIVE;
				GCC_WARN_UNUSED_FUNCTION = YES;
				GCC_WARN_UNUSED_VARIABLE = YES;
				IPHONEOS_DEPLOYMENT_TARGET = 18.1;
				LOCALIZATION_PREFERS_STRING_CATALOGS = YES;
				MTL_ENABLE_DEBUG_INFO = INCLUDE_SOURCE;
				MTL_FAST_MATH = YES;
				ONLY_ACTIVE_ARCH = YES;
				SDKROOT = iphoneos;
				SWIFT_ACTIVE_COMPILATION_CONDITIONS = "DEBUG $(inherited)";
				SWIFT_OPTIMIZATION_LEVEL = "-Onone";
			};
			name = Debug;
		};
		EA5D0FCB2CFCD22600F8B01A /* Release */ = {
			isa = XCBuildConfiguration;
			buildSettings = {
				ALWAYS_SEARCH_USER_PATHS = NO;
				ASSETCATALOG_COMPILER_GENERATE_SWIFT_ASSET_SYMBOL_EXTENSIONS = YES;
				CLANG_ANALYZER_NONNULL = YES;
				CLANG_ANALYZER_NUMBER_OBJECT_CONVERSION = YES_AGGRESSIVE;
				CLANG_CXX_LANGUAGE_STANDARD = "gnu++20";
				CLANG_ENABLE_MODULES = YES;
				CLANG_ENABLE_OBJC_ARC = YES;
				CLANG_ENABLE_OBJC_WEAK = YES;
				CLANG_WARN_BLOCK_CAPTURE_AUTORELEASING = YES;
				CLANG_WARN_BOOL_CONVERSION = YES;
				CLANG_WARN_COMMA = YES;
				CLANG_WARN_CONSTANT_CONVERSION = YES;
				CLANG_WARN_DEPRECATED_OBJC_IMPLEMENTATIONS = YES;
				CLANG_WARN_DIRECT_OBJC_ISA_USAGE = YES_ERROR;
				CLANG_WARN_DOCUMENTATION_COMMENTS = YES;
				CLANG_WARN_EMPTY_BODY = YES;
				CLANG_WARN_ENUM_CONVERSION = YES;
				CLANG_WARN_INFINITE_RECURSION = YES;
				CLANG_WARN_INT_CONVERSION = YES;
				CLANG_WARN_NON_LITERAL_NULL_CONVERSION = YES;
				CLANG_WARN_OBJC_IMPLICIT_RETAIN_SELF = YES;
				CLANG_WARN_OBJC_LITERAL_CONVERSION = YES;
				CLANG_WARN_OBJC_ROOT_CLASS = YES_ERROR;
				CLANG_WARN_QUOTED_INCLUDE_IN_FRAMEWORK_HEADER = YES;
				CLANG_WARN_RANGE_LOOP_ANALYSIS = YES;
				CLANG_WARN_STRICT_PROTOTYPES = YES;
				CLANG_WARN_SUSPICIOUS_MOVE = YES;
				CLANG_WARN_UNGUARDED_AVAILABILITY = YES_AGGRESSIVE;
				CLANG_WARN_UNREACHABLE_CODE = YES;
				CLANG_WARN__DUPLICATE_METHOD_MATCH = YES;
				COPY_PHASE_STRIP = NO;
				DEBUG_INFORMATION_FORMAT = "dwarf-with-dsym";
				ENABLE_NS_ASSERTIONS = NO;
				ENABLE_STRICT_OBJC_MSGSEND = YES;
				ENABLE_USER_SCRIPT_SANDBOXING = YES;
				GCC_C_LANGUAGE_STANDARD = gnu17;
				GCC_NO_COMMON_BLOCKS = YES;
				GCC_WARN_64_TO_32_BIT_CONVERSION = YES;
				GCC_WARN_ABOUT_RETURN_TYPE = YES_ERROR;
				GCC_WARN_UNDECLARED_SELECTOR = YES;
				GCC_WARN_UNINITIALIZED_AUTOS = YES_AGGRESSIVE;
				GCC_WARN_UNUSED_FUNCTION = YES;
				GCC_WARN_UNUSED_VARIABLE = YES;
				IPHONEOS_DEPLOYMENT_TARGET = 18.1;
				LOCALIZATION_PREFERS_STRING_CATALOGS = YES;
				MTL_ENABLE_DEBUG_INFO = NO;
				MTL_FAST_MATH = YES;
				SDKROOT = iphoneos;
				SWIFT_COMPILATION_MODE = wholemodule;
				VALIDATE_PRODUCT = YES;
			};
			name = Release;
		};
		EA5D0FCD2CFCD22600F8B01A /* Debug */ = {
			isa = XCBuildConfiguration;
			buildSettings = {
				BUNDLE_LOADER = "$(TEST_HOST)";
				CODE_SIGN_STYLE = Automatic;
				CURRENT_PROJECT_VERSION = 1;
				GENERATE_INFOPLIST_FILE = YES;
				IPHONEOS_DEPLOYMENT_TARGET = 18.1;
				MARKETING_VERSION = 1.0;
				PRODUCT_BUNDLE_IDENTIFIER = medyahan.LandmarkBookAppTests;
				PRODUCT_NAME = "$(TARGET_NAME)";
				SWIFT_EMIT_LOC_STRINGS = NO;
				SWIFT_VERSION = 5.0;
				TARGETED_DEVICE_FAMILY = "1,2";
				TEST_HOST = "$(BUILT_PRODUCTS_DIR)/LandmarkBookApp.app/$(BUNDLE_EXECUTABLE_FOLDER_PATH)/LandmarkBookApp";
			};
			name = Debug;
		};
		EA5D0FCE2CFCD22600F8B01A /* Release */ = {
			isa = XCBuildConfiguration;
			buildSettings = {
				BUNDLE_LOADER = "$(TEST_HOST)";
				CODE_SIGN_STYLE = Automatic;
				CURRENT_PROJECT_VERSION = 1;
				GENERATE_INFOPLIST_FILE = YES;
				IPHONEOS_DEPLOYMENT_TARGET = 18.1;
				MARKETING_VERSION = 1.0;
				PRODUCT_BUNDLE_IDENTIFIER = medyahan.LandmarkBookAppTests;
				PRODUCT_NAME = "$(TARGET_NAME)";
				SWIFT_EMIT_LOC_STRINGS = NO;
				SWIFT_VERSION = 5.0;
				TARGETED_DEVICE_FAMILY = "1,2";
				TEST_HOST = "$(BUILT_PRODUCTS_DIR)/LandmarkBookApp.app/$(BUNDLE_EXECUTABLE_FOLDER_PATH)/LandmarkBookApp";
			};
			name = Release;
		};
		EA5D0FD02CFCD22600F8B01A /* Debug */ = {
			isa = XCBuildConfiguration;
			buildSettings = {
				CODE_SIGN_STYLE = Automatic;
				CURRENT_PROJECT_VERSION = 1;
				GENERATE_INFOPLIST_FILE = YES;
				MARKETING_VERSION = 1.0;
				PRODUCT_BUNDLE_IDENTIFIER = medyahan.LandmarkBookAppUITests;
				PRODUCT_NAME = "$(TARGET_NAME)";
				SWIFT_EMIT_LOC_STRINGS = NO;
				SWIFT_VERSION = 5.0;
				TARGETED_DEVICE_FAMILY = "1,2";
				TEST_TARGET_NAME = LandmarkBookApp;
			};
			name = Debug;
		};
		EA5D0FD12CFCD22600F8B01A /* Release */ = {
			isa = XCBuildConfiguration;
			buildSettings = {
				CODE_SIGN_STYLE = Automatic;
				CURRENT_PROJECT_VERSION = 1;
				GENERATE_INFOPLIST_FILE = YES;
				MARKETING_VERSION = 1.0;
				PRODUCT_BUNDLE_IDENTIFIER = medyahan.LandmarkBookAppUITests;
				PRODUCT_NAME = "$(TARGET_NAME)";
				SWIFT_EMIT_LOC_STRINGS = NO;
				SWIFT_VERSION = 5.0;
				TARGETED_DEVICE_FAMILY = "1,2";
				TEST_TARGET_NAME = LandmarkBookApp;
			};
			name = Release;
		};
/* End XCBuildConfiguration section */

/* Begin XCConfigurationList section */
		EA5D0F992CFCD22500F8B01A /* Build configuration list for PBXProject "LandmarkBookApp" */ = {
			isa = XCConfigurationList;
			buildConfigurations = (
				EA5D0FCA2CFCD22600F8B01A /* Debug */,
				EA5D0FCB2CFCD22600F8B01A /* Release */,
			);
			defaultConfigurationIsVisible = 0;
			defaultConfigurationName = Release;
		};
		EA5D0FC72CFCD22600F8B01A /* Build configuration list for PBXNativeTarget "LandmarkBookApp" */ = {
			isa = XCConfigurationList;
			buildConfigurations = (
				EA5D0FC82CFCD22600F8B01A /* Debug */,
				EA5D0FC92CFCD22600F8B01A /* Release */,
			);
			defaultConfigurationIsVisible = 0;
			defaultConfigurationName = Release;
		};
		EA5D0FCC2CFCD22600F8B01A /* Build configuration list for PBXNativeTarget "LandmarkBookAppTests" */ = {
			isa = XCConfigurationList;
			buildConfigurations = (
				EA5D0FCD2CFCD22600F8B01A /* Debug */,
				EA5D0FCE2CFCD22600F8B01A /* Release */,
			);
			defaultConfigurationIsVisible = 0;
			defaultConfigurationName = Release;
		};
		EA5D0FCF2CFCD22600F8B01A /* Build configuration list for PBXNativeTarget "LandmarkBookAppUITests" */ = {
			isa = XCConfigurationList;
			buildConfigurations = (
				EA5D0FD02CFCD22600F8B01A /* Debug */,
				EA5D0FD12CFCD22600F8B01A /* Release */,
			);
			defaultConfigurationIsVisible = 0;
			defaultConfigurationName = Release;
		};
/* End XCConfigurationList section */
	};
	rootObject = EA5D0F962CFCD22500F8B01A /* Project object */;
}
